<?xml version="1.0" encoding="utf-8"?>
<Project ToolsVersion="4.0" xmlns="http://schemas.microsoft.com/developer/msbuild/2003">
  <ItemGroup>
    <Filter Include="Source Files">
      <UniqueIdentifier>{4FC737F1-C7A5-4376-A066-2A32D752A2FF}</UniqueIdentifier>
      <Extensions>cpp;c;cc;cxx;c++;cppm;ixx;def;odl;idl;hpj;bat;asm;asmx</Extensions>
    </Filter>
    <Filter Include="Header Files">
      <UniqueIdentifier>{93995380-89BD-4b04-88EB-625FBE52EBFB}</UniqueIdentifier>
      <Extensions>h;hh;hpp;hxx;h++;hm;inl;inc;ipp;xsd</Extensions>
    </Filter>
    <Filter Include="Resource Files">
      <UniqueIdentifier>{67DA6AB6-F800-4c08-8B7A-83BB121AAD01}</UniqueIdentifier>
      <Extensions>rc;ico;cur;bmp;dlg;rc2;rct;bin;rgs;gif;jpg;jpeg;jpe;resx;tiff;tif;png;wav;mfcribbon-ms</Extensions>
    </Filter>
    <Filter Include="Resource Files\Shaders">
      <UniqueIdentifier>{73af7ca3-8a96-4ca4-9a44-7e2ed5d70a87}</UniqueIdentifier>
    </Filter>
    <Filter Include="Resource Files\Textures">
      <UniqueIdentifier>{237c899a-b481-4502-bd8e-805f14b5bc28}</UniqueIdentifier>
    </Filter>
    <Filter Include="Resource Files\Levels">
      <UniqueIdentifier>{4ef406f5-3892-4a6f-a4f0-4de3365ec390}</UniqueIdentifier>
    </Filter>
    <Filter Include="Source Files\GameObjects">
      <UniqueIdentifier>{47e15dfa-c77e-48a2-bc3f-8973b34f89a1}</UniqueIdentifier>
    </Filter>
    <Filter Include="Header Files\GameObjects">
      <UniqueIdentifier>{547b818e-49db-47d5-aca2-e43ae70362d7}</UniqueIdentifier>
    </Filter>
    <Filter Include="Resource Files\Shaders\PostProcess">
      <UniqueIdentifier>{e67b9b4e-b1d5-4d06-84eb-1412f4788ce0}</UniqueIdentifier>
    </Filter>
    <Filter Include="Resource Files\Shaders\Particle">
      <UniqueIdentifier>{7ba919a4-df92-46d9-9293-ceb1ca3a4104}</UniqueIdentifier>
    </Filter>
    <Filter Include="Resource Files\Powerups">
      <UniqueIdentifier>{479318ae-225e-4194-806e-dda40ad4f879}</UniqueIdentifier>
    </Filter>
    <Filter Include="Resource Files\SFX">
      <UniqueIdentifier>{f7d1f9c6-0a39-4141-a11e-4d1aeae281e7}</UniqueIdentifier>
    </Filter>
  </ItemGroup>
  <ItemGroup>
    <ClCompile Include="Breakout.cpp">
      <Filter>Source Files</Filter>
    </ClCompile>
    <ClCompile Include="glad.c">
      <Filter>Source Files</Filter>
    </ClCompile>
    <ClCompile Include="Shader.cpp">
      <Filter>Source Files</Filter>
    </ClCompile>
    <ClCompile Include="VBO.cpp">
      <Filter>Source Files</Filter>
    </ClCompile>
    <ClCompile Include="EBO.cpp">
      <Filter>Source Files</Filter>
    </ClCompile>
    <ClCompile Include="VAO.cpp">
      <Filter>Source Files</Filter>
    </ClCompile>
    <ClCompile Include="Stb.cpp">
      <Filter>Source Files</Filter>
    </ClCompile>
    <ClCompile Include="Texture.cpp">
      <Filter>Source Files</Filter>
    </ClCompile>
    <ClCompile Include="SpriteRenderer.cpp">
      <Filter>Source Files</Filter>
    </ClCompile>
    <ClCompile Include="Game.cpp">
      <Filter>Source Files</Filter>
    </ClCompile>
    <ClCompile Include="GameLevel.cpp">
      <Filter>Source Files</Filter>
    </ClCompile>
    <ClCompile Include="ResourceManager.cpp">
      <Filter>Source Files</Filter>
    </ClCompile>
    <ClCompile Include="GameObject.cpp">
      <Filter>Source Files</Filter>
    </ClCompile>
    <ClCompile Include="Ball.cpp">
      <Filter>Source Files\GameObjects</Filter>
    </ClCompile>
    <ClCompile Include="Collision.cpp">
      <Filter>Source Files</Filter>
    </ClCompile>
    <ClCompile Include="ParticleGenerator.cpp">
      <Filter>Source Files</Filter>
    </ClCompile>
    <ClCompile Include="PostProcessor.cpp">
      <Filter>Source Files</Filter>
    </ClCompile>
    <ClCompile Include="PowerUp.cpp">
      <Filter>Source Files</Filter>
    </ClCompile>
    <ClCompile Include="SoundManager.cpp">
      <Filter>Source Files</Filter>
    </ClCompile>
  </ItemGroup>
  <ItemGroup>
    <None Include="default.vert">
      <Filter>Resource Files\Shaders</Filter>
    </None>
    <None Include="default.frag">
      <Filter>Resource Files\Shaders</Filter>
    </None>
    <None Include="sprite.vs">
      <Filter>Resource Files\Shaders</Filter>
    </None>
    <None Include="sprite.frag">
      <Filter>Resource Files\Shaders</Filter>
    </None>
    <None Include="particle.vert">
      <Filter>Resource Files\Shaders\Particle</Filter>
    </None>
    <None Include="particle.frag">
      <Filter>Resource Files\Shaders\Particle</Filter>
    </None>
    <None Include="post_process.vs">
      <Filter>Resource Files\Shaders\PostProcess</Filter>
    </None>
    <None Include="post_process.frag">
      <Filter>Resource Files\Shaders\PostProcess</Filter>
    </None>
  </ItemGroup>
  <ItemGroup>
    <ClInclude Include="Shader.h">
      <Filter>Header Files</Filter>
    </ClInclude>
    <ClInclude Include="VBO.h">
      <Filter>Header Files</Filter>
    </ClInclude>
    <ClInclude Include="EBO.h">
      <Filter>Header Files</Filter>
    </ClInclude>
    <ClInclude Include="VAO.h">
      <Filter>Header Files</Filter>
    </ClInclude>
    <ClInclude Include="Texture.h">
      <Filter>Header Files</Filter>
    </ClInclude>
    <ClInclude Include="SpriteRenderer.h">
      <Filter>Header Files</Filter>
    </ClInclude>
    <ClInclude Include="Game.h">
      <Filter>Header Files</Filter>
    </ClInclude>
    <ClInclude Include="GameLevel.h">
      <Filter>Header Files</Filter>
    </ClInclude>
    <ClInclude Include="ResourceManager.h">
      <Filter>Header Files</Filter>
    </ClInclude>
    <ClInclude Include="GameObject.h">
      <Filter>Header Files</Filter>
    </ClInclude>
    <ClInclude Include="Ball.h">
      <Filter>Header Files\GameObjects</Filter>
    </ClInclude>
    <ClInclude Include="Collision.h">
      <Filter>Header Files</Filter>
    </ClInclude>
    <ClInclude Include="ParticleGenerator.h">
      <Filter>Header Files</Filter>
    </ClInclude>
    <ClInclude Include="PostProcessor.h">
      <Filter>Header Files</Filter>
    </ClInclude>
    <ClInclude Include="PowerUp.h">
      <Filter>Header Files</Filter>
    </ClInclude>
    <ClInclude Include="SoundManager.h">
      <Filter>Header Files</Filter>
    </ClInclude>
  </ItemGroup>
  <ItemGroup>
    <Image Include="C:\Users\Artyom\OneDrive\Pictures\img.png">
      <Filter>Resource Files\Textures</Filter>
    </Image>
    <Image Include="block.png">
      <Filter>Resource Files\Textures</Filter>
    </Image>
    <Image Include="block_solid.png">
      <Filter>Resource Files\Textures</Filter>
    </Image>
    <Image Include="background.jpg">
      <Filter>Resource Files\Textures</Filter>
    </Image>
    <Image Include="paddle.png">
      <Filter>Resource Files\Textures</Filter>
    </Image>
    <Image Include="smile_bogdan.jpg">
      <Filter>Resource Files\Textures</Filter>
    </Image>
    <Image Include="ballTexture.png">
      <Filter>Resource Files\Textures</Filter>
    </Image>
    <Image Include="powerup_chaos.png">
      <Filter>Resource Files\Powerups</Filter>
    </Image>
    <Image Include="powerup_confuse.png">
      <Filter>Resource Files\Powerups</Filter>
    </Image>
    <Image Include="powerup_increase.png">
      <Filter>Resource Files\Powerups</Filter>
    </Image>
    <Image Include="powerup_passthrough.png">
      <Filter>Resource Files\Powerups</Filter>
    </Image>
    <Image Include="powerup_speed.png">
      <Filter>Resource Files\Powerups</Filter>
    </Image>
    <Image Include="powerup_sticky.png">
      <Filter>Resource Files\Powerups</Filter>
    </Image>
  </ItemGroup>
  <ItemGroup>
    <Text Include="0.lvl">
      <Filter>Resource Files\Levels</Filter>
    </Text>
  </ItemGroup>
  <ItemGroup>
    <Media Include="SFX\breakout.mp3">
      <Filter>Resource Files\SFX</Filter>
    </Media>
  </ItemGroup>
</Project>